
Microsoft Visual Studio Solution File, Format Version 12.00
# Visual Studio Version 16
VisualStudioVersion = 16.0.31729.503
MinimumVisualStudioVersion = 10.0.40219.1
Project("{9A19103F-16F7-4668-BE54-9A1E7A4F7556}") = "TestesIntegracao.WebApp", "TestesIntegracao.WebApp\TestesIntegracao.WebApp.csproj", "{D1345845-9E0D-480A-93D7-B27EEBD98F00}"
EndProject
Project("{2150E333-8FDC-42A3-9474-1A3956D46DE8}") = "src", "src", "{8C389D57-6975-4956-931F-785824234D74}"
EndProject
Project("{2150E333-8FDC-42A3-9474-1A3956D46DE8}") = "tests", "tests", "{148617A0-E5ED-4620-BCFD-B4F47F833260}"
EndProject
Project("{9A19103F-16F7-4668-BE54-9A1E7A4F7556}") = "TestesIntegracao.Infrastructure", "TestesIntegracao.Infrastructure\TestesIntegracao.Infrastructure.csproj", "{072FE5C0-0054-472A-B46A-8A04C7983547}"
EndProject
Project("{9A19103F-16F7-4668-BE54-9A1E7A4F7556}") = "TestesIntegracao.Services", "TestesIntegracao.Services\TestesIntegracao.Services.csproj", "{FC09857F-45BC-4A67-9ACA-ACB7B6F745F9}"
EndProject
Project("{9A19103F-16F7-4668-BE54-9A1E7A4F7556}") = "TestesIntegracao.Core", "TestesIntegracao.Core\TestesIntegracao.Core.csproj", "{AECFB249-1848-412B-9EF7-8E72CA3942BE}"
EndProject
Project("{FAE04EC0-301F-11D3-BF4B-00C04F79EFBC}") = "TestesIntegracao.Tests", "TestesIntegracao.Tests\TestesIntegracao.Tests.csproj", "{26605C1E-7C9E-47F5-AAC3-0C8F3E9F9892}"
EndProject
Global
	GlobalSection(SolutionConfigurationPlatforms) = preSolution
		Debug|Any CPU = Debug|Any CPU
		Release|Any CPU = Release|Any CPU
	EndGlobalSection
	GlobalSection(ProjectConfigurationPlatforms) = postSolution
		{D1345845-9E0D-480A-93D7-B27EEBD98F00}.Debug|Any CPU.ActiveCfg = Debug|Any CPU
		{D1345845-9E0D-480A-93D7-B27EEBD98F00}.Debug|Any CPU.Build.0 = Debug|Any CPU
		{D1345845-9E0D-480A-93D7-B27EEBD98F00}.Release|Any CPU.ActiveCfg = Release|Any CPU
		{D1345845-9E0D-480A-93D7-B27EEBD98F00}.Release|Any CPU.Build.0 = Release|Any CPU
		{072FE5C0-0054-472A-B46A-8A04C7983547}.Debug|Any CPU.ActiveCfg = Debug|Any CPU
		{072FE5C0-0054-472A-B46A-8A04C7983547}.Debug|Any CPU.Build.0 = Debug|Any CPU
		{072FE5C0-0054-472A-B46A-8A04C7983547}.Release|Any CPU.ActiveCfg = Release|Any CPU
		{072FE5C0-0054-472A-B46A-8A04C7983547}.Release|Any CPU.Build.0 = Release|Any CPU
		{FC09857F-45BC-4A67-9ACA-ACB7B6F745F9}.Debug|Any CPU.ActiveCfg = Debug|Any CPU
		{FC09857F-45BC-4A67-9ACA-ACB7B6F745F9}.Debug|Any CPU.Build.0 = Debug|Any CPU
		{FC09857F-45BC-4A67-9ACA-ACB7B6F745F9}.Release|Any CPU.ActiveCfg = Release|Any CPU
		{FC09857F-45BC-4A67-9ACA-ACB7B6F745F9}.Release|Any CPU.Build.0 = Release|Any CPU
		{AECFB249-1848-412B-9EF7-8E72CA3942BE}.Debug|Any CPU.ActiveCfg = Debug|Any CPU
		{AECFB249-1848-412B-9EF7-8E72CA3942BE}.Debug|Any CPU.Build.0 = Debug|Any CPU
		{AECFB249-1848-412B-9EF7-8E72CA3942BE}.Release|Any CPU.ActiveCfg = Release|Any CPU
		{AECFB249-1848-412B-9EF7-8E72CA3942BE}.Release|Any CPU.Build.0 = Release|Any CPU
		{26605C1E-7C9E-47F5-AAC3-0C8F3E9F9892}.Debug|Any CPU.ActiveCfg = Debug|Any CPU
		{26605C1E-7C9E-47F5-AAC3-0C8F3E9F9892}.Debug|Any CPU.Build.0 = Debug|Any CPU
		{26605C1E-7C9E-47F5-AAC3-0C8F3E9F9892}.Release|Any CPU.ActiveCfg = Release|Any CPU
		{26605C1E-7C9E-47F5-AAC3-0C8F3E9F9892}.Release|Any CPU.Build.0 = Release|Any CPU
	EndGlobalSection
	GlobalSection(SolutionProperties) = preSolution
		HideSolutionNode = FALSE
	EndGlobalSection
	GlobalSection(NestedProjects) = preSolution
		{D1345845-9E0D-480A-93D7-B27EEBD98F00} = {8C389D57-6975-4956-931F-785824234D74}
		{072FE5C0-0054-472A-B46A-8A04C7983547} = {8C389D57-6975-4956-931F-785824234D74}
		{FC09857F-45BC-4A67-9ACA-ACB7B6F745F9} = {8C389D57-6975-4956-931F-785824234D74}
		{AECFB249-1848-412B-9EF7-8E72CA3942BE} = {8C389D57-6975-4956-931F-785824234D74}
		{26605C1E-7C9E-47F5-AAC3-0C8F3E9F9892} = {148617A0-E5ED-4620-BCFD-B4F47F833260}
	EndGlobalSection
	GlobalSection(ExtensibilityGlobals) = postSolution
		SolutionGuid = {96FAF10D-B05B-4E5E-A134-559FA9349D6E}
	EndGlobalSection
EndGlobal
